
Microsoft Visual Studio Solution File, Format Version 12.00
# Visual Studio Version 17
VisualStudioVersion = 17.11.35103.136
MinimumVisualStudioVersion = 10.0.40219.1
Project("{FAE04EC0-301F-11D3-BF4B-00C04F79EFBC}") = "TeamFinder", "TeamFinder\TeamFinder.csproj", "{BD61327F-BA94-49F6-98CF-CA1DB7C0FFAF}"
EndProject
Global
	GlobalSection(SolutionConfigurationPlatforms) = preSolution
		Debug|Any CPU = Debug|Any CPU
		Release|Any CPU = Release|Any CPU
	EndGlobalSection
	GlobalSection(ProjectConfigurationPlatforms) = postSolution
		{BD61327F-BA94-49F6-98CF-CA1DB7C0FFAF}.Debug|Any CPU.ActiveCfg = Debug|Any CPU
		{BD61327F-BA94-49F6-98CF-CA1DB7C0FFAF}.Debug|Any CPU.Build.0 = Debug|Any CPU
		{BD61327F-BA94-49F6-98CF-CA1DB7C0FFAF}.Release|Any CPU.ActiveCfg = Release|Any CPU
		{BD61327F-BA94-49F6-98CF-CA1DB7C0FFAF}.Release|Any CPU.Build.0 = Release|Any CPU
	EndGlobalSection
	GlobalSection(SolutionProperties) = preSolution
		HideSolutionNode = FALSE
	EndGlobalSection
	GlobalSection(ExtensibilityGlobals) = postSolution
		SolutionGuid = {D9DD752F-9735-4956-A876-F2F0C466336E}
	EndGlobalSection
EndGlobal
